{
  "name": "tangram-2",
  "lockfileVersion": 2,
  "requires": true,
  "packages": {
    "": {
      "name": "tangram-2",
      "dependencies": {
        "main": "file:../"
      }
    },
    "..": {
      "dependencies": {
        "http-server": "^14.1.1"
      },
      "devDependencies": {
        "gulp": "^4.0.2",
        "gulp-autoprefixer": "^8.0.0",
        "gulp-css-base64": "^2.0.0",
        "gulp-cssimport": "^7.0.0",
        "gulp-es6-import": "^0.0.4",
        "gulp-install": "^1.1.0",
        "gulp-livereload": "^4.0.2",
        "gulp-minify-css": "^1.2.4",
        "gulp-minify-html": "^1.0.6",
        "gulp-rimraf": "^1.0.0",
        "gulp-sass": "^5.1.0",
        "gulp-tinypng": "^1.0.2",
        "gulp-uglify": "^3.0.2",
        "gulp-util": "^3.0.8",
        "sass": "^1.54.3",
        "vinyl-source-stream": "^2.0.0"
      }
    },
    "node_modules/main": {
      "resolved": "..",
      "link": true
    }
  },
  "dependencies": {
    "main": {
      "version": "file:..",
      "requires": {
        "gulp": "^4.0.2",
        "gulp-autoprefixer": "^8.0.0",
        "gulp-css-base64": "^2.0.0",
        "gulp-cssimport": "^7.0.0",
        "gulp-es6-import": "^0.0.4",
        "gulp-install": "^1.1.0",
        "gulp-livereload": "^4.0.2",
        "gulp-minify-css": "^1.2.4",
        "gulp-minify-html": "^1.0.6",
        "gulp-rimraf": "^1.0.0",
        "gulp-sass": "^5.1.0",
        "gulp-tinypng": "^1.0.2",
        "gulp-uglify": "^3.0.2",
        "gulp-util": "^3.0.8",
        "http-server": "^14.1.1",
        "sass": "^1.54.3",
        "vinyl-source-stream": "^2.0.0"
      }
    }
  }
}
